
Microsoft Visual Studio Solution File, Format Version 12.00
# Visual Studio Version 17
VisualStudioVersion = 17.5.002.0
MinimumVisualStudioVersion = 10.0.40219.1
Project("{9A19103F-16F7-4668-BE54-9A1E7A4F7556}") = "Store.Domain", "Store.Domain\Store.Domain.csproj", "{5CEA9F01-3539-47D5-8FFF-C0578FA48299}"
EndProject
Global
	GlobalSection(SolutionConfigurationPlatforms) = preSolution
		Debug|Any CPU = Debug|Any CPU
		Release|Any CPU = Release|Any CPU
	EndGlobalSection
	GlobalSection(ProjectConfigurationPlatforms) = postSolution
		{5CEA9F01-3539-47D5-8FFF-C0578FA48299}.Debug|Any CPU.ActiveCfg = Debug|Any CPU
		{5CEA9F01-3539-47D5-8FFF-C0578FA48299}.Debug|Any CPU.Build.0 = Debug|Any CPU
		{5CEA9F01-3539-47D5-8FFF-C0578FA48299}.Release|Any CPU.ActiveCfg = Release|Any CPU
		{5CEA9F01-3539-47D5-8FFF-C0578FA48299}.Release|Any CPU.Build.0 = Release|Any CPU
	EndGlobalSection
	GlobalSection(SolutionProperties) = preSolution
		HideSolutionNode = FALSE
	EndGlobalSection
	GlobalSection(ExtensibilityGlobals) = postSolution
		SolutionGuid = {C22916C6-2554-4A70-A554-A16BA37CC304}
	EndGlobalSection
EndGlobal
